
Microsoft Visual Studio Solution File, Format Version 12.00
# Visual Studio Version 17
VisualStudioVersion = 17.2.32616.157
MinimumVisualStudioVersion = 10.0.40219.1
Project("{FAE04EC0-301F-11D3-BF4B-00C04F79EFBC}") = "DigiStore", "DIgiStore\DigiStore.csproj", "{B2921202-1FBD-4E6B-BAB1-D42460D77C59}"
EndProject
Project("{FAE04EC0-301F-11D3-BF4B-00C04F79EFBC}") = "Resources", "Resources\Resources.csproj", "{A7EDC3B7-E9D4-4436-BD14-A042EDBF52E9}"
EndProject
Global
	GlobalSection(SolutionConfigurationPlatforms) = preSolution
		Debug|Any CPU = Debug|Any CPU
		Release|Any CPU = Release|Any CPU
	EndGlobalSection
	GlobalSection(ProjectConfigurationPlatforms) = postSolution
		{B2921202-1FBD-4E6B-BAB1-D42460D77C59}.Debug|Any CPU.ActiveCfg = Debug|Any CPU
		{B2921202-1FBD-4E6B-BAB1-D42460D77C59}.Debug|Any CPU.Build.0 = Debug|Any CPU
		{B2921202-1FBD-4E6B-BAB1-D42460D77C59}.Release|Any CPU.ActiveCfg = Release|Any CPU
		{B2921202-1FBD-4E6B-BAB1-D42460D77C59}.Release|Any CPU.Build.0 = Release|Any CPU
		{A7EDC3B7-E9D4-4436-BD14-A042EDBF52E9}.Debug|Any CPU.ActiveCfg = Debug|Any CPU
		{A7EDC3B7-E9D4-4436-BD14-A042EDBF52E9}.Debug|Any CPU.Build.0 = Debug|Any CPU
		{A7EDC3B7-E9D4-4436-BD14-A042EDBF52E9}.Release|Any CPU.ActiveCfg = Release|Any CPU
		{A7EDC3B7-E9D4-4436-BD14-A042EDBF52E9}.Release|Any CPU.Build.0 = Release|Any CPU
	EndGlobalSection
	GlobalSection(SolutionProperties) = preSolution
		HideSolutionNode = FALSE
	EndGlobalSection
	GlobalSection(ExtensibilityGlobals) = postSolution
		SolutionGuid = {178754E3-D07E-4DF4-8441-CCBC30F0ED73}
	EndGlobalSection
EndGlobal
